
Microsoft Visual Studio Solution File, Format Version 12.00
# Visual Studio Version 17
VisualStudioVersion = 17.10.35122.118
MinimumVisualStudioVersion = 10.0.40219.1
Project("{FAE04EC0-301F-11D3-BF4B-00C04F79EFBC}") = "TCPChat", "TCPChat\TCPChat.csproj", "{D183AC96-D464-4357-86B4-4EE98F0D5B52}"
EndProject
Global
	GlobalSection(SolutionConfigurationPlatforms) = preSolution
		Debug|Any CPU = Debug|Any CPU
		Release|Any CPU = Release|Any CPU
	EndGlobalSection
	GlobalSection(ProjectConfigurationPlatforms) = postSolution
		{D183AC96-D464-4357-86B4-4EE98F0D5B52}.Debug|Any CPU.ActiveCfg = Debug|Any CPU
		{D183AC96-D464-4357-86B4-4EE98F0D5B52}.Debug|Any CPU.Build.0 = Debug|Any CPU
		{D183AC96-D464-4357-86B4-4EE98F0D5B52}.Release|Any CPU.ActiveCfg = Release|Any CPU
		{D183AC96-D464-4357-86B4-4EE98F0D5B52}.Release|Any CPU.Build.0 = Release|Any CPU
	EndGlobalSection
	GlobalSection(SolutionProperties) = preSolution
		HideSolutionNode = FALSE
	EndGlobalSection
	GlobalSection(ExtensibilityGlobals) = postSolution
		SolutionGuid = {35C5AC8E-9D18-4894-AC18-5724A869BFD0}
	EndGlobalSection
EndGlobal
